{
  "version": "2",
  "remote": {
    "https://deno.land/std@0.127.0/_util/assert.ts": "6396c1bd0361c4939e7f32f9b03efffcd04b640a1b206ed67058553d6cb59cc4",
    "https://deno.land/std@0.127.0/_wasm_crypto/crypto.mjs": "3b383eb715e8bfe61b4450ef0644b2653429c88d494807c86c5235979f62e56b",
    "https://deno.land/std@0.127.0/_wasm_crypto/crypto.wasm.mjs": "0ad9ecc0d03ca8a083d9109db22e7507f019f63cf55b82ea618ab58855617577",
    "https://deno.land/std@0.127.0/_wasm_crypto/mod.ts": "30a93c8b6b6c5b269e96a3e95d2c045d86a496814a8737443b77cad941d6a0b5",
    "https://deno.land/std@0.127.0/async/deferred.ts": "677692a2399d4cabbc45e06abe4f585afd6196c59e24a98edb866598af9f0eef",
    "https://deno.land/std@0.127.0/bytes/bytes_list.ts": "cfe63225fc153a1ae8f18c1d68d979e131906487664719d92771642b6587b11c",
    "https://deno.land/std@0.127.0/bytes/equals.ts": "6f38a72d4a75a1232fe984e5fb362b962c2e9bec6385f4ca13252e1ca53dba00",
    "https://deno.land/std@0.127.0/bytes/mod.ts": "ed5c42feb746c3709d186787346004f97301dc076b33434653e451efd8efcf6a",
    "https://deno.land/std@0.127.0/crypto/mod.ts": "a10fee951ddf2c91ae5938ba2a1d123580f773e533008988ba6089ddd2b65d67",
    "https://deno.land/std@0.127.0/encoding/base64.ts": "784384e3cc39c59534d15f71e87f5b8da73cc5e1460417eb32ec9d62617d4f87",
    "https://deno.land/std@0.127.0/encoding/base64url.ts": "e604e5c7d37e77093a30834abc5cfd4795967c484725d006db6be0b0c26b43e6",
    "https://deno.land/std@0.127.0/fmt/colors.ts": "870f10d440af4c309ab7bff97266d8ddb2c8a69039bcbd33253c8bfc14502116",
    "https://deno.land/std@0.127.0/io/buffer.ts": "bd0c4bf53db4b4be916ca5963e454bddfd3fcd45039041ea161dbf826817822b",
    "https://deno.land/std@0.127.0/io/readers.ts": "679471f3b9929b54393c9cd75b6bd178b4bc6d9aab5c0f1f9538f862cf4746fe",
    "https://deno.land/std@0.127.0/io/types.d.ts": "01f60ae7ec02675b5dbed150d258fc184a78dfe5c209ef53ba4422b46b58822c",
    "https://deno.land/std@0.127.0/streams/conversion.ts": "712585bfa0172a97fb68dd46e784ae8ad59d11b88079d6a4ab098ff42e697d21",
    "https://deno.land/std@0.127.0/streams/delimiter.ts": "4b27d090a97798e27d86b715e94b6575c9274c94018ecec0ab7b9252f9485f0f",
    "https://deno.land/std@0.127.0/streams/merge.ts": "89faf7dcda7e010f1e01dfc555d609c66d9fb2c834b7aa457a63cc70a25c3817",
    "https://deno.land/std@0.127.0/streams/mod.ts": "1fc9053a554a53c8545c104c238d60ac01f91b6282346423b3a8355ae710d049",
    "https://deno.land/std@0.127.0/testing/_diff.ts": "9d849cd6877694152e01775b2d93f9d6b7aef7e24bfe3bfafc4d7a1ac8e9f392",
    "https://deno.land/std@0.127.0/testing/asserts.ts": "7aa4ba645a4350040ccb3df250353c2d77dad71a582386c9be54faf1f6b0ad7f",
    "https://deno.land/std@0.161.0/fmt/colors.ts": "9e36a716611dcd2e4865adea9c4bec916b5c60caad4cdcdc630d4974e6bb8bd4",
    "https://deno.land/std@0.161.0/testing/_diff.ts": "a23e7fc2b4d8daa3e158fa06856bedf5334ce2a2831e8bf9e509717f455adb2c",
    "https://deno.land/std@0.161.0/testing/_format.ts": "cd11136e1797791045e639e9f0f4640d5b4166148796cad37e6ef75f7d7f3832",
    "https://deno.land/std@0.161.0/testing/asserts.ts": "1e340c589853e82e0807629ba31a43c84ebdcdeca910c4a9705715dfdb0f5ce8",
    "https://deno.land/std@0.170.0/_util/asserts.ts": "d0844e9b62510f89ce1f9878b046f6a57bf88f208a10304aab50efcb48365272",
    "https://deno.land/std@0.170.0/bytes/bytes_list.ts": "aba5e2369e77d426b10af1de0dcc4531acecec27f9b9056f4f7bfbf8ac147ab4",
    "https://deno.land/std@0.170.0/bytes/concat.ts": "97a1274e117510ffffc9499c4debb9541e408732bab2e0ca624869ae13103c10",
    "https://deno.land/std@0.170.0/bytes/copy.ts": "d14a58f188a997ee0d2ba696d0c82a42f4fb4b6705e90a4238b77d7644dae24c",
    "https://deno.land/std@0.170.0/io/buf_reader.ts": "6c0eb067040a9931be2d24de50f56e67b10e3ff69d5344575df06caddf551417",
    "https://deno.land/std@0.170.0/io/buf_writer.ts": "b1ee5325cec3386596c67b1c7510bfc7e42b2f505060fe2e9d6536cdefdbb30c",
    "https://deno.land/std@0.170.0/io/buffer.ts": "04e4d9a7bffffeddd75df7da795001871857d83f8e7772e6a3eee9d174f33d38",
    "https://deno.land/std@0.170.0/io/read_delim.ts": "6bff17d31730eeab402633ee53701ac16e7b575a343c432acf7bd61bd649fd05",
    "https://deno.land/std@0.170.0/io/read_lines.ts": "51e2841394effe1473f588de2a87d62b1c2deb63ce869115506324e228f9e67b",
    "https://deno.land/std@0.170.0/io/read_string_delim.ts": "70b20eebd853269252d4a833834a2677b711f216842709d11005ba291d822a0a",
    "https://deno.land/std@0.170.0/io/types.d.ts": "790d3a3fa6b7f298d4cfbcf8bfd9d4be595c1b1acaa3eebb3009177df98bf93c",
    "https://deno.land/std@0.170.0/streams/readable_stream_from_iterable.ts": "eaa03bf3b7fbffa665d3d9c30435dcce3437c67559f97eaccc58995d3efcf8cd",
    "https://deno.land/std@0.186.0/collections/filter_values.ts": "5b9feaf17b9a6e5ffccdd36cf6f38fa4ffa94cff2602d381c2ad0c2a97929652",
    "https://deno.land/std@0.186.0/collections/without_all.ts": "a89f5da0b5830defed4f59666e188df411d8fece35a5f6ca69be6ca71a95c185",
    "https://deno.land/std@0.186.0/dotenv/load.ts": "0636983549b98f29ab75c9a22a42d9723f0a389ece5498fe971e7bb2556a12e2",
    "https://deno.land/std@0.186.0/dotenv/mod.ts": "f5a8123741d1561ae8184a7f043bc097b15132c5171c651142b804b6dbc21853",
    "https://deno.land/std@0.188.0/_util/asserts.ts": "178dfc49a464aee693a7e285567b3d0b555dc805ff490505a8aae34f9cfb1462",
    "https://deno.land/std@0.188.0/async/deferred.ts": "42790112f36a75a57db4a96d33974a936deb7b04d25c6084a9fa8a49f135def8",
    "https://deno.land/std@0.188.0/bytes/bytes_list.ts": "31d664f4d42fa922066405d0e421c56da89d751886ee77bbe25a88bf0310c9d0",
    "https://deno.land/std@0.188.0/bytes/concat.ts": "d26d6f3d7922e6d663dacfcd357563b7bf4a380ce5b9c2bbe0c8586662f25ce2",
    "https://deno.land/std@0.188.0/bytes/copy.ts": "939d89e302a9761dcf1d9c937c7711174ed74c59eef40a1e4569a05c9de88219",
    "https://deno.land/std@0.188.0/io/buf_reader.ts": "06fff3337091c49e99ebd2dd790c9a90364c087a2953ea081667400fd6c6cebb",
    "https://deno.land/std@0.188.0/io/buffer.ts": "17f4410eaaa60a8a85733e8891349a619eadfbbe42e2f319283ce2b8f29723ab",
    "https://deno.land/std@0.188.0/io/read_lines.ts": "c526c12a20a9386dc910d500f9cdea43cba974e853397790bd146817a7eef8cc",
    "https://deno.land/std@0.188.0/streams/_common.ts": "f45cba84f0d813de3326466095539602364a9ba521f804cc758f7a475cda692d",
    "https://deno.land/std@0.188.0/streams/buffer.ts": "d5b3d7d0299114e5b2ea895a8bf202a687fd915c5282f8096c7bae23b5a04407",
    "https://deno.land/std@0.188.0/streams/byte_slice_stream.ts": "225d57263a34325d7c96cb3dafeb478eec0e6fd05cd0458d678752eadd132bb4",
    "https://deno.land/std@0.188.0/streams/copy.ts": "75cbc795ff89291df22ddca5252de88b2e16d40c85d02840593386a8a1454f71",
    "https://deno.land/std@0.188.0/streams/delimiter_stream.ts": "f69e849b3d1f59f02424497273f411105a6f76a9f13da92aeeb9a2d554236814",
    "https://deno.land/std@0.188.0/streams/early_zip_readable_streams.ts": "4005fa74162b943f79899e5d7cb96adcbc0a6b867f9144974ed12d30e0a556e1",
    "https://deno.land/std@0.188.0/streams/iterate_reader.ts": "bbec1d45c2df2c0c5920bad0549351446fdc8e0886d99e95959b259dbcdb6072",
    "https://deno.land/std@0.188.0/streams/limited_bytes_transform_stream.ts": "05dc592ffaab83257494d22dd53917e56243c26e5e3129b3f13ddbbbc4785048",
    "https://deno.land/std@0.188.0/streams/limited_transform_stream.ts": "d69ab790232c1b86f53621ad41ef03c235f2abb4b7a1cd51960ad6e12ee55e38",
    "https://deno.land/std@0.188.0/streams/merge_readable_streams.ts": "5d6302888f4bb0616dafb5768771be0aec9bedc05fbae6b3d726d05ffbec5b15",
    "https://deno.land/std@0.188.0/streams/mod.ts": "c07ec010e700b9ea887dc36ca08729828bc7912f711e4054e24d33fd46282252",
    "https://deno.land/std@0.188.0/streams/read_all.ts": "ee319772fb0fd28302f97343cc48dfcf948f154fd0d755d8efe65814b70533be",
    "https://deno.land/std@0.188.0/streams/readable_stream_from_iterable.ts": "cd4bb9e9bf6dbe84c213beb1f5085c326624421671473e410cfaecad15f01865",
    "https://deno.land/std@0.188.0/streams/readable_stream_from_reader.ts": "bfc416c4576a30aac6b9af22c9dc292c20c6742141ee7c55b5e85460beb0c54e",
    "https://deno.land/std@0.188.0/streams/reader_from_iterable.ts": "55f68110dce3f8f2c87b834d95f153bc904257fc65175f9f2abe78455cb8047c",
    "https://deno.land/std@0.188.0/streams/reader_from_stream_reader.ts": "fa4971e5615a010e49492c5d1688ca1a4d17472a41e98b498ab89a64ebd7ac73",
    "https://deno.land/std@0.188.0/streams/text_delimiter_stream.ts": "20e680ab8b751390e359288ce764f9c47d164af11a263870746eeca4bc7d976b",
    "https://deno.land/std@0.188.0/streams/text_line_stream.ts": "0f2c4b33a5fdb2476f2e060974cba1347cefe99a4af33c28a57524b1a34750fa",
    "https://deno.land/std@0.188.0/streams/to_transform_stream.ts": "7f55fc0b14cf3ed0f8d10d8f41d05bdc40726e44a65c37f58705d10a615f0159",
    "https://deno.land/std@0.188.0/streams/writable_stream_from_writer.ts": "56fff5c82fb736fdd669b567cc0b2bbbe0351002cd13254eae26c366e2bed89a",
    "https://deno.land/std@0.188.0/streams/write_all.ts": "aec90152978581ea62d56bb53a5cbf487e6a89c902f87c5969681ffbdf32b998",
    "https://deno.land/std@0.188.0/streams/writer_from_stream_writer.ts": "07c7ee025151a190f37fc42cbb01ff93afc949119ebddc6e0d0df14df1bf6950",
    "https://deno.land/std@0.188.0/streams/zip_readable_streams.ts": "a9d81aa451240f79230add674809dbee038d93aabe286e2d9671e66591fc86ca",
    "https://deno.land/std@0.188.0/types.d.ts": "dbaeb2c4d7c526db9828fc8df89d8aecf53b9ced72e0c4568f97ddd8cda616a4",
    "https://deno.land/x/s3_lite_client@0.5.0/client.ts": "397cb6cc3fca830a4f35cbfb9bfd97bdd0e4d6308b31a727619276e999354e6b",
    "https://deno.land/x/s3_lite_client@0.5.0/deps.ts": "cb4ca7ae564a6d076a5f7a33c6b06fed20326ec3c9154a60203dfdf93557f4fa",
    "https://deno.land/x/s3_lite_client@0.5.0/errors.ts": "3dd431b0e96f346104d7be6c09e1659b5c360992e6487e35bacb881f10c5a5bf",
    "https://deno.land/x/s3_lite_client@0.5.0/helpers.ts": "6ba450312f54873805390cc7a11e61a7886dc00633f2ed20d941606568527332",
    "https://deno.land/x/s3_lite_client@0.5.0/mod.ts": "4a896cad948ae36e35a5025eff92a97366059fe8e01bb109df3889666c88bd1d",
    "https://deno.land/x/s3_lite_client@0.5.0/object-uploader.ts": "b4bad0d771d79b2bb23b8cab0e6f7be85a2390e18957c612fd5cda11c39f55b0",
    "https://deno.land/x/s3_lite_client@0.5.0/signing.ts": "8e298db6425b423618c2687dcd075ea1966a590d43e7606fd7b8de1412c537f7",
    "https://deno.land/x/s3_lite_client@0.5.0/transform-chunk-sizes.ts": "b26ff6f90477de9a3c7095503d8396f0db50c54ee84ac8c800f8b95945c642fd",
    "https://deno.land/x/s3_lite_client@0.5.0/xml-parser.ts": "3360a133aeee603966e7a430edad3b0602e62ac6e9ac6b6ee07f0295b3b4014f",
    "https://deno.land/x/zod@v3.12.0/ZodError.ts": "94dc632a5d89efe0d2c5471ea49c8b9e829b1ab912da225cbe3ee7d373afbc60",
    "https://deno.land/x/zod@v3.12.0/external.ts": "433e13ff774fef22d416027308db33cacb719774898372ec5faa32bb572f11dc",
    "https://deno.land/x/zod@v3.12.0/helpers/errorUtil.ts": "7a77328240be7b847af6de9189963bd9f79cab32bbc61502a9db4fe6683e2ea7",
    "https://deno.land/x/zod@v3.12.0/helpers/parseUtil.ts": "69394aa4366553de097e35ac2131b413f6364a0b2c32eca9406829fab42e0334",
    "https://deno.land/x/zod@v3.12.0/helpers/partialUtil.ts": "8dc921a02b47384cf52217c7e539268daf619f89319b75bdf13ea178815725df",
    "https://deno.land/x/zod@v3.12.0/helpers/typeAliases.ts": "a1a8d039eb98925f242f5ea1e21e6d3cabd7f05e9747680165c914695c979b4f",
    "https://deno.land/x/zod@v3.12.0/helpers/util.ts": "28dc23a1160ef0178b5e4144a90cd310227e8c0a065203e72a7ffee70dfb1ab4",
    "https://deno.land/x/zod@v3.12.0/index.ts": "646be79e95b565049a47ae2c87e5da57c633e0de2bdc1990d03b737b93e52188",
    "https://deno.land/x/zod@v3.12.0/types.ts": "74b3a8e61d900bcb56834376b3da53fab60437694778fa220ef57807834a1fc9"
  },
  "npm": {
    "specifiers": {
      "@peculiar/x509@1.9.2": "@peculiar/x509@1.9.2"
    },
    "packages": {
      "@peculiar/asn1-cms@2.3.4": {
        "integrity": "sha512-tpPA+/qsrkaEiVhZYebprtLmQCfAeI40A2zrw+TmXCxTUSL59LweremOBlFr5fSp+6rLORdGqu/NM+hHhbJKMg==",
        "dependencies": {
          "@peculiar/asn1-schema": "@peculiar/asn1-schema@2.3.3",
          "@peculiar/asn1-x509": "@peculiar/asn1-x509@2.3.4",
          "@peculiar/asn1-x509-attr": "@peculiar/asn1-x509-attr@2.3.4",
          "asn1js": "asn1js@3.0.5",
          "tslib": "tslib@2.5.0"
        }
      },
      "@peculiar/asn1-csr@2.3.4": {
        "integrity": "sha512-2TO212diBwXnR7/PH393ADWVA8LHGmOwmPiRPU0qZ928KzYRore8+vt9I62UmJHMaEAbXo3NVUCw1qR4njXpeQ==",
        "dependencies": {
          "@peculiar/asn1-schema": "@peculiar/asn1-schema@2.3.3",
          "@peculiar/asn1-x509": "@peculiar/asn1-x509@2.3.4",
          "asn1js": "asn1js@3.0.5",
          "tslib": "tslib@2.5.0"
        }
      },
      "@peculiar/asn1-ecc@2.3.4": {
        "integrity": "sha512-Iid8DVaVg9/BGlLUKjAbQYF72kk3XZucuIgZm6OEFzF15IrfOAVPMI0yJ/JvrM2tREb9BDDIrHLHmV6QQngM+g==",
        "dependencies": {
          "@peculiar/asn1-schema": "@peculiar/asn1-schema@2.3.3",
          "@peculiar/asn1-x509": "@peculiar/asn1-x509@2.3.4",
          "asn1js": "asn1js@3.0.5",
          "tslib": "tslib@2.5.0"
        }
      },
      "@peculiar/asn1-pfx@2.3.4": {
        "integrity": "sha512-CtKO2FDxvJN6cHogdRr1SAyJRyQ9/jtwNu3HwM1tVBhNYjtaLAiLx4LOW8/ILyGlr5b5HijtZyh6FRV7FMi9pw==",
        "dependencies": {
          "@peculiar/asn1-cms": "@peculiar/asn1-cms@2.3.4",
          "@peculiar/asn1-pkcs8": "@peculiar/asn1-pkcs8@2.3.4",
          "@peculiar/asn1-rsa": "@peculiar/asn1-rsa@2.3.4",
          "@peculiar/asn1-schema": "@peculiar/asn1-schema@2.3.3",
          "asn1js": "asn1js@3.0.5",
          "tslib": "tslib@2.5.0"
        }
      },
      "@peculiar/asn1-pkcs8@2.3.4": {
        "integrity": "sha512-XmWSLkFgoDwjiHM+I5Qzn8J/7q75c2q3qDyBqsrn/JpLqnyXVPWWYCtJe8OhMTy5OcEG0ntq9kNWBZIFqhoDsg==",
        "dependencies": {
          "@peculiar/asn1-schema": "@peculiar/asn1-schema@2.3.3",
          "@peculiar/asn1-x509": "@peculiar/asn1-x509@2.3.4",
          "asn1js": "asn1js@3.0.5",
          "tslib": "tslib@2.5.0"
        }
      },
      "@peculiar/asn1-pkcs9@2.3.4": {
        "integrity": "sha512-O/iAdTCtIaAx/eMQ2lgkH6y9XFNjPYSX7bsmDRmmpJO3HGTWsKcYt0lf9zaqkhR6x4/6obG8S1Rc/5L6KYgXcA==",
        "dependencies": {
          "@peculiar/asn1-cms": "@peculiar/asn1-cms@2.3.4",
          "@peculiar/asn1-pfx": "@peculiar/asn1-pfx@2.3.4",
          "@peculiar/asn1-pkcs8": "@peculiar/asn1-pkcs8@2.3.4",
          "@peculiar/asn1-schema": "@peculiar/asn1-schema@2.3.3",
          "@peculiar/asn1-x509": "@peculiar/asn1-x509@2.3.4",
          "@peculiar/asn1-x509-attr": "@peculiar/asn1-x509-attr@2.3.4",
          "asn1js": "asn1js@3.0.5",
          "tslib": "tslib@2.5.0"
        }
      },
      "@peculiar/asn1-rsa@2.3.4": {
        "integrity": "sha512-RMQu0a/dfylQpO+jNZD80MuNlF9pV3Z0oGC6xUT2fX9BFu8dxpl5lurUQBl9MCdH4+bSiMIPi03BFe+xHR8EIw==",
        "dependencies": {
          "@peculiar/asn1-schema": "@peculiar/asn1-schema@2.3.3",
          "@peculiar/asn1-x509": "@peculiar/asn1-x509@2.3.4",
          "asn1js": "asn1js@3.0.5",
          "tslib": "tslib@2.5.0"
        }
      },
      "@peculiar/asn1-schema@2.3.3": {
        "integrity": "sha512-6GptMYDMyWBHTUKndHaDsRZUO/XMSgIns2krxcm2L7SEExRHwawFvSwNBhqNPR9HJwv3MruAiF1bhN0we6j6GQ==",
        "dependencies": {
          "asn1js": "asn1js@3.0.5",
          "pvtsutils": "pvtsutils@1.3.2",
          "tslib": "tslib@2.5.0"
        }
      },
      "@peculiar/asn1-x509-attr@2.3.4": {
        "integrity": "sha512-ElOBb2Pw08zSK+fyH+pWlxaLfDZ3ZUM+kx1II0xjMGlmMWXTvlWR74IT5I7H4RnviXAM6BICwQvWacprVxCqcg==",
        "dependencies": {
          "@peculiar/asn1-schema": "@peculiar/asn1-schema@2.3.3",
          "@peculiar/asn1-x509": "@peculiar/asn1-x509@2.3.4",
          "asn1js": "asn1js@3.0.5",
          "tslib": "tslib@2.5.0"
        }
      },
      "@peculiar/asn1-x509@2.3.4": {
        "integrity": "sha512-NhA6U76kiGKTQG2WQyGfRS/piYHt7HxUsGb0IvQaiJheuucKb2CYu0/tOk1dayZcvFf6Pnf9HjFGQ/5ud/ndRQ==",
        "dependencies": {
          "@peculiar/asn1-schema": "@peculiar/asn1-schema@2.3.3",
          "asn1js": "asn1js@3.0.5",
          "ipaddr.js": "ipaddr.js@2.0.1",
          "pvtsutils": "pvtsutils@1.3.2",
          "tslib": "tslib@2.5.0"
        }
      },
      "@peculiar/x509@1.9.2": {
        "integrity": "sha512-dNkeZNA54YKGhYM0QFaFxkTnZvpvxynCRhsyA3LWmb9FwXgu33QO4E2nfYWT+ciCBzCrhLkJx0gsI2BxmolBwg==",
        "dependencies": {
          "@peculiar/asn1-cms": "@peculiar/asn1-cms@2.3.4",
          "@peculiar/asn1-csr": "@peculiar/asn1-csr@2.3.4",
          "@peculiar/asn1-ecc": "@peculiar/asn1-ecc@2.3.4",
          "@peculiar/asn1-pkcs9": "@peculiar/asn1-pkcs9@2.3.4",
          "@peculiar/asn1-rsa": "@peculiar/asn1-rsa@2.3.4",
          "@peculiar/asn1-schema": "@peculiar/asn1-schema@2.3.3",
          "@peculiar/asn1-x509": "@peculiar/asn1-x509@2.3.4",
          "pvtsutils": "pvtsutils@1.3.2",
          "reflect-metadata": "reflect-metadata@0.1.13",
          "tslib": "tslib@2.5.0",
          "tsyringe": "tsyringe@4.7.0"
        }
      },
      "asn1js@3.0.5": {
        "integrity": "sha512-FVnvrKJwpt9LP2lAMl8qZswRNm3T4q9CON+bxldk2iwk3FFpuwhx2FfinyitizWHsVYyaY+y5JzDR0rCMV5yTQ==",
        "dependencies": {
          "pvtsutils": "pvtsutils@1.3.2",
          "pvutils": "pvutils@1.1.3",
          "tslib": "tslib@2.5.0"
        }
      },
      "ipaddr.js@2.0.1": {
        "integrity": "sha512-1qTgH9NG+IIJ4yfKs2e6Pp1bZg8wbDbKHT21HrLIeYBTRLgMYKnMTPAuI3Lcs61nfx5h1xlXnbJtH1kX5/d/ng==",
        "dependencies": {}
      },
      "pvtsutils@1.3.2": {
        "integrity": "sha512-+Ipe2iNUyrZz+8K/2IOo+kKikdtfhRKzNpQbruF2URmqPtoqAs8g3xS7TJvFF2GcPXjh7DkqMnpVveRFq4PgEQ==",
        "dependencies": {
          "tslib": "tslib@2.5.0"
        }
      },
      "pvutils@1.1.3": {
        "integrity": "sha512-pMpnA0qRdFp32b1sJl1wOJNxZLQ2cbQx+k6tjNtZ8CpvVhNqEPRgivZ2WOUev2YMajecdH7ctUPDvEe87nariQ==",
        "dependencies": {}
      },
      "reflect-metadata@0.1.13": {
        "integrity": "sha512-Ts1Y/anZELhSsjMcU605fU9RE4Oi3p5ORujwbIKXfWa+0Zxs510Qrmrce5/Jowq3cHSZSJqBjypxmHarc+vEWg==",
        "dependencies": {}
      },
      "tslib@1.14.1": {
        "integrity": "sha512-Xni35NKzjgMrwevysHTCArtLDpPvye8zV/0E4EyYn43P7/7qvQwPh9BGkHewbMulVntbigmcT7rdX3BNo9wRJg==",
        "dependencies": {}
      },
      "tslib@2.5.0": {
        "integrity": "sha512-336iVw3rtn2BUK7ORdIAHTyxHGRIHVReokCR3XjbckJMK7ms8FysBfhLR8IXnAgy7T0PTPNBWKiH514FOW/WSg==",
        "dependencies": {}
      },
      "tsyringe@4.7.0": {
        "integrity": "sha512-ncFDM1jTLsok4ejMvSW5jN1VGPQD48y2tfAR0pdptWRKYX4bkbqPt92k7KJ5RFJ1KV36JEs/+TMh7I6OUgj74g==",
        "dependencies": {
          "tslib": "tslib@1.14.1"
        }
      }
    }
  }
}
